
Microsoft Visual Studio Solution File, Format Version 12.00
Project("{FAE04EC0-301F-11D3-BF4B-00C04F79EFBC}") = "CargaWin11", "CargaWin11.csproj", "{5403BFA5-48E2-4528-B808-364FC2421E18}"
EndProject
Global
	GlobalSection(SolutionConfigurationPlatforms) = preSolution
		Debug|Any CPU = Debug|Any CPU
		Release|Any CPU = Release|Any CPU
	EndGlobalSection
	GlobalSection(ProjectConfigurationPlatforms) = postSolution
		{5403BFA5-48E2-4528-B808-364FC2421E18}.Debug|Any CPU.ActiveCfg = Debug|Any CPU
		{5403BFA5-48E2-4528-B808-364FC2421E18}.Debug|Any CPU.Build.0 = Debug|Any CPU
		{5403BFA5-48E2-4528-B808-364FC2421E18}.Release|Any CPU.ActiveCfg = Release|Any CPU
		{5403BFA5-48E2-4528-B808-364FC2421E18}.Release|Any CPU.Build.0 = Release|Any CPU
	EndGlobalSection
EndGlobal
